PODS:
  - BlocksKit (2.2.5):
    - BlocksKit/All (= 2.2.5)
  - BlocksKit/All (2.2.5):
    - BlocksKit/Core
    - BlocksKit/DynamicDelegate
    - BlocksKit/MessageUI
    - BlocksKit/UIKit
  - BlocksKit/Core (2.2.5)
  - BlocksKit/DynamicDelegate (2.2.5)
  - BlocksKit/MessageUI (2.2.5):
    - BlocksKit/Core
    - BlocksKit/DynamicDelegate
  - BlocksKit/UIKit (2.2.5):
    - BlocksKit/Core
    - BlocksKit/DynamicDelegate
  - IQDropDownTextField (1.1.0)
  - IQKeyboardManager (4.0.8)
  - MSCellAccessory (1.1.2)
  - SVProgressHUD (2.1.2)
  - SWRevealViewController (2.3.0)

DEPENDENCIES:
  - BlocksKit
  - IQDropDownTextField
  - IQKeyboardManager
  - MSCellAccessory
  - SVProgressHUD
  - SWRevealViewController

SPEC CHECKSUMS:
  BlocksKit: 7f422b971407001178d181a43b99014ea2591fe6
  IQDropDownTextField: 614f79ca905529c992045eaa112d0fc9ebb875d1
  IQKeyboardManager: 1a8189fa153bf09044355ee0ad36826f6767e7f7
  MSCellAccessory: 8265f3cd2386c1f372da00232472605ab11426e4
  SVProgressHUD: c404a55d78acbeb7ebb78b76d3faf986475a6994
  SWRevealViewController: 6d3fd97f70112fd7cef9de14df4260eacce4c63a

PODFILE CHECKSUM: 935bd9f7d833ccf59057a2ed32c205d3741d9fd4

COCOAPODS: 1.1.1
